// !$*UTF8*$!
{
	archiveVersion = 1;
	classes = {
	};
	objectVersion = 50;
	objects = {

/* Begin PBXBuildFile section */
		3C7B212C26D6180000926EE3 /* AppDelegate.swift in Sources */ = {isa = PBXBuildFile; fileRef = 3C7B212B26D6180000926EE3 /* AppDelegate.swift */; };
		3C7B212E26D6180000926EE3 /* SceneDelegate.swift in Sources */ = {isa = PBXBuildFile; fileRef = 3C7B212D26D6180000926EE3 /* SceneDelegate.swift */; };
		3C7B213326D6180000926EE3 /* Main.storyboard in Resources */ = {isa = PBXBuildFile; fileRef = 3C7B213126D6180000926EE3 /* Main.storyboard */; };
		3C7B213526D6180100926EE3 /* Assets.xcassets in Resources */ = {isa = PBXBuildFile; fileRef = 3C7B213426D6180100926EE3 /* Assets.xcassets */; };
		3C7B213826D6180100926EE3 /* LaunchScreen.storyboard in Resources */ = {isa = PBXBuildFile; fileRef = 3C7B213626D6180100926EE3 /* LaunchScreen.storyboard */; };
		3C7B214226D8E5C900926EE3 /* LoremSwiftum.swift in Sources */ = {isa = PBXBuildFile; fileRef = 3C7B214126D8E5C900926EE3 /* LoremSwiftum.swift */; };
		3C7B214426D8E67E00926EE3 /* Person.swift in Sources */ = {isa = PBXBuildFile; fileRef = 3C7B214326D8E67E00926EE3 /* Person.swift */; };
		3C7B214626D8F2AA00926EE3 /* PersonTableViewController.swift in Sources */ = {isa = PBXBuildFile; fileRef = 3C7B214526D8F2AA00926EE3 /* PersonTableViewController.swift */; };
		3C7B214826D90E8A00926EE3 /* PersonInfoTableViewController.swift in Sources */ = {isa = PBXBuildFile; fileRef = 3C7B214726D90E8A00926EE3 /* PersonInfoTableViewController.swift */; };
/* End PBXBuildFile section */

/* Begin PBXFileReference section */
		3C7B212826D6180000926EE3 /* RandomPersonInfo.app */ = {isa = PBXFileReference; explicitFileType = wrapper.application; includeInIndex = 0; path = RandomPersonInfo.app; sourceTree = BUILT_PRODUCTS_DIR; };
		3C7B212B26D6180000926EE3 /* AppDelegate.swift */ = {isa = PBXFileReference; lastKnownFileType = sourcecode.swift; path = AppDelegate.swift; sourceTree = "<group>"; };
		3C7B212D26D6180000926EE3 /* SceneDelegate.swift */ = {isa = PBXFileReference; lastKnownFileType = sourcecode.swift; path = SceneDelegate.swift; sourceTree = "<group>"; };
		3C7B213226D6180000926EE3 /* Base */ = {isa = PBXFileReference; lastKnownFileType = file.storyboard; name = Base; path = Base.lproj/Main.storyboard; sourceTree = "<group>"; };
		3C7B213426D6180100926EE3 /* Assets.xcassets */ = {isa = PBXFileReference; lastKnownFileType = folder.assetcatalog; path = Assets.xcassets; sourceTree = "<group>"; };
		3C7B213726D6180100926EE3 /* Base */ = {isa = PBXFileReference; lastKnownFileType = file.storyboard; name = Base; path = Base.lproj/LaunchScreen.storyboard; sourceTree = "<group>"; };
		3C7B213926D6180100926EE3 /* Info.plist */ = {isa = PBXFileReference; lastKnownFileType = text.plist.xml; path = Info.plist; sourceTree = "<group>"; };
		3C7B214126D8E5C900926EE3 /* LoremSwiftum.swift */ = {isa = PBXFileReference; fileEncoding = 4; lastKnownFileType = sourcecode.swift; path = LoremSwiftum.swift; sourceTree = "<group>"; };
		3C7B214326D8E67E00926EE3 /* Person.swift */ = {isa = PBXFileReference; lastKnownFileType = sourcecode.swift; path = Person.swift; sourceTree = "<group>"; };
		3C7B214526D8F2AA00926EE3 /* PersonTableViewController.swift */ = {isa = PBXFileReference; lastKnownFileType = sourcecode.swift; path = PersonTableViewController.swift; sourceTree = "<group>"; };
		3C7B214726D90E8A00926EE3 /* PersonInfoTableViewController.swift */ = {isa = PBXFileReference; lastKnownFileType = sourcecode.swift; path = PersonInfoTableViewController.swift; sourceTree = "<group>"; };
/* End PBXFileReference section */

/* Begin PBXFrameworksBuildPhase section */
		3C7B212526D6180000926EE3 /* Frameworks */ = {
			isa = PBXFrameworksBuildPhase;
			buildActionMask = 2147483647;
			files = (
			);
			runOnlyForDeploymentPostprocessing = 0;
		};
/* End PBXFrameworksBuildPhase section */

/* Begin PBXGroup section */
		3C7B211F26D617FF00926EE3 = {
			isa = PBXGroup;
			children = (
				3C7B212A26D6180000926EE3 /* RandomPersonInfo */,
				3C7B212926D6180000926EE3 /* Products */,
			);
			sourceTree = "<group>";
		};
		3C7B212926D6180000926EE3 /* Products */ = {
			isa = PBXGroup;
			children = (
				3C7B212826D6180000926EE3 /* RandomPersonInfo.app */,
			);
			name = Products;
			sourceTree = "<group>";
		};
		3C7B212A26D6180000926EE3 /* RandomPersonInfo */ = {
			isa = PBXGroup;
			children = (
				3C7B212B26D6180000926EE3 /* AppDelegate.swift */,
				3C7B212D26D6180000926EE3 /* SceneDelegate.swift */,
				3C7B214526D8F2AA00926EE3 /* PersonTableViewController.swift */,
				3C7B214726D90E8A00926EE3 /* PersonInfoTableViewController.swift */,
				3C7B214326D8E67E00926EE3 /* Person.swift */,
				3C7B214126D8E5C900926EE3 /* LoremSwiftum.swift */,
				3C7B213126D6180000926EE3 /* Main.storyboard */,
				3C7B213426D6180100926EE3 /* Assets.xcassets */,
				3C7B213626D6180100926EE3 /* LaunchScreen.storyboard */,
				3C7B213926D6180100926EE3 /* Info.plist */,
			);
			path = RandomPersonInfo;
			sourceTree = "<group>";
		};
/* End PBXGroup section */

/* Begin PBXNativeTarget section */
		3C7B212726D6180000926EE3 /* RandomPersonInfo */ = {
			isa = PBXNativeTarget;
			buildConfigurationList = 3C7B213C26D6180100926EE3 /* Build configuration list for PBXNativeTarget "RandomPersonInfo" */;
			buildPhases = (
				3C7B212426D6180000926EE3 /* Sources */,
				3C7B212526D6180000926EE3 /* Frameworks */,
				3C7B212626D6180000926EE3 /* Resources */,
			);
			buildRules = (
			);
			dependencies = (
			);
			name = RandomPersonInfo;
			productName = RandomPersonInfo;
			productReference = 3C7B212826D6180000926EE3 /* RandomPersonInfo.app */;
			productType = "com.apple.product-type.application";
		};
/* End PBXNativeTarget section */

/* Begin PBXProject section */
		3C7B212026D617FF00926EE3 /* Project object */ = {
			isa = PBXProject;
			attributes = {
				LastSwiftUpdateCheck = 1250;
				LastUpgradeCheck = 1250;
				TargetAttributes = {
					3C7B212726D6180000926EE3 = {
						CreatedOnToolsVersion = 12.5.1;
					};
				};
			};
			buildConfigurationList = 3C7B212326D617FF00926EE3 /* Build configuration list for PBXProject "RandomPersonInfo" */;
			compatibilityVersion = "Xcode 9.3";
			developmentRegion = en;
			hasScannedForEncodings = 0;
			knownRegions = (
				en,
				Base,
			);
			mainGroup = 3C7B211F26D617FF00926EE3;
			productRefGroup = 3C7B212926D6180000926EE3 /* Products */;
			projectDirPath = "";
			projectRoot = "";
			targets = (
				3C7B212726D6180000926EE3 /* RandomPersonInfo */,
			);
		};
/* End PBXProject section */

/* Begin PBXResourcesBuildPhase section */
		3C7B212626D6180000926EE3 /* Resources */ = {
			isa = PBXResourcesBuildPhase;
			buildActionMask = 2147483647;
			files = (
				3C7B213826D6180100926EE3 /* LaunchScreen.storyboard in Resources */,
				3C7B213526D6180100926EE3 /* Assets.xcassets in Resources */,
				3C7B213326D6180000926EE3 /* Main.storyboard in Resources */,
			);
			runOnlyForDeploymentPostprocessing = 0;
		};
/* End PBXResourcesBuildPhase section */

/* Begin PBXSourcesBuildPhase section */
		3C7B212426D6180000926EE3 /* Sources */ = {
			isa = PBXSourcesBuildPhase;
			buildActionMask = 2147483647;
			files = (
				3C7B212C26D6180000926EE3 /* AppDelegate.swift in Sources */,
				3C7B214626D8F2AA00926EE3 /* PersonTableViewController.swift in Sources */,
				3C7B214826D90E8A00926EE3 /* PersonInfoTableViewController.swift in Sources */,
				3C7B214426D8E67E00926EE3 /* Person.swift in Sources */,
				3C7B212E26D6180000926EE3 /* SceneDelegate.swift in Sources */,
				3C7B214226D8E5C900926EE3 /* LoremSwiftum.swift in Sources */,
			);
			runOnlyForDeploymentPostprocessing = 0;
		};
/* End PBXSourcesBuildPhase section */

/* Begin PBXVariantGroup section */
		3C7B213126D6180000926EE3 /* Main.storyboard */ = {
			isa = PBXVariantGroup;
			children = (
				3C7B213226D6180000926EE3 /* Base */,
			);
			name = Main.storyboard;
			sourceTree = "<group>";
		};
		3C7B213626D6180100926EE3 /* LaunchScreen.storyboard */ = {
			isa = PBXVariantGroup;
			children = (
				3C7B213726D6180100926EE3 /* Base */,
			);
			name = LaunchScreen.storyboard;
			sourceTree = "<group>";
		};
/* End PBXVariantGroup section */

/* Begin XCBuildConfiguration section */
		3C7B213A26D6180100926EE3 /* Debug */ = {
			isa = XCBuildConfiguration;
			buildSettings = {
				ALWAYS_SEARCH_USER_PATHS = NO;
				CLANG_ANALYZER_NONNULL = YES;
				CLANG_ANALYZER_NUMBER_OBJECT_CONVERSION = YES_AGGRESSIVE;
				CLANG_CXX_LANGUAGE_STANDARD = "gnu++14";
				CLANG_CXX_LIBRARY = "libc++";
				CLANG_ENABLE_MODULES = YES;
				CLANG_ENABLE_OBJC_ARC = YES;
				CLANG_ENABLE_OBJC_WEAK = YES;
				CLANG_WARN_BLOCK_CAPTURE_AUTORELEASING = YES;
				CLANG_WARN_BOOL_CONVERSION = YES;
				CLANG_WARN_COMMA = YES;
				CLANG_WARN_CONSTANT_CONVERSION = YES;
				CLANG_WARN_DEPRECATED_OBJC_IMPLEMENTATIONS = YES;
				CLANG_WARN_DIRECT_OBJC_ISA_USAGE = YES_ERROR;
				CLANG_WARN_DOCUMENTATION_COMMENTS = YES;
				CLANG_WARN_EMPTY_BODY = YES;
				CLANG_WARN_ENUM_CONVERSION = YES;
				CLANG_WARN_INFINITE_RECURSION = YES;
				CLANG_WARN_INT_CONVERSION = YES;
				CLANG_WARN_NON_LITERAL_NULL_CONVERSION = YES;
				CLANG_WARN_OBJC_IMPLICIT_RETAIN_SELF = YES;
				CLANG_WARN_OBJC_LITERAL_CONVERSION = YES;
				CLANG_WARN_OBJC_ROOT_CLASS = YES_ERROR;
				CLANG_WARN_QUOTED_INCLUDE_IN_FRAMEWORK_HEADER = YES;
				CLANG_WARN_RANGE_LOOP_ANALYSIS = YES;
				CLANG_WARN_STRICT_PROTOTYPES = YES;
				CLANG_WARN_SUSPICIOUS_MOVE = YES;
				CLANG_WARN_UNGUARDED_AVAILABILITY = YES_AGGRESSIVE;
				CLANG_WARN_UNREACHABLE_CODE = YES;
				CLANG_WARN__DUPLICATE_METHOD_MATCH = YES;
				COPY_PHASE_STRIP = NO;
				DEBUG_INFORMATION_FORMAT = dwarf;
				ENABLE_STRICT_OBJC_MSGSEND = YES;
				ENABLE_TESTABILITY = YES;
				GCC_C_LANGUAGE_STANDARD = gnu11;
				GCC_DYNAMIC_NO_PIC = NO;
				GCC_NO_COMMON_BLOCKS = YES;
				GCC_OPTIMIZATION_LEVEL = 0;
				GCC_PREPROCESSOR_DEFINITIONS = (
					"DEBUG=1",
					"$(inherited)",
				);
				GCC_WARN_64_TO_32_BIT_CONVERSION = YES;
				GCC_WARN_ABOUT_RETURN_TYPE = YES_ERROR;
				GCC_WARN_UNDECLARED_SELECTOR = YES;
				GCC_WARN_UNINITIALIZED_AUTOS = YES_AGGRESSIVE;
				GCC_WARN_UNUSED_FUNCTION = YES;
				GCC_WARN_UNUSED_VARIABLE = YES;
				IPHONEOS_DEPLOYMENT_TARGET = 14.5;
				MTL_ENABLE_DEBUG_INFO = INCLUDE_SOURCE;
				MTL_FAST_MATH = YES;
				ONLY_ACTIVE_ARCH = YES;
				SDKROOT = iphoneos;
				SWIFT_ACTIVE_COMPILATION_CONDITIONS = DEBUG;
				SWIFT_OPTIMIZATION_LEVEL = "-Onone";
			};
			name = Debug;
		};
		3C7B213B26D6180100926EE3 /* Release */ = {
			isa = XCBuildConfiguration;
			buildSettings = {
				ALWAYS_SEARCH_USER_PATHS = NO;
				CLANG_ANALYZER_NONNULL = YES;
				CLANG_ANALYZER_NUMBER_OBJECT_CONVERSION = YES_AGGRESSIVE;
				CLANG_CXX_LANGUAGE_STANDARD = "gnu++14";
				CLANG_CXX_LIBRARY = "libc++";
				CLANG_ENABLE_MODULES = YES;
				CLANG_ENABLE_OBJC_ARC = YES;
				CLANG_ENABLE_OBJC_WEAK = YES;
				CLANG_WARN_BLOCK_CAPTURE_AUTORELEASING = YES;
				CLANG_WARN_BOOL_CONVERSION = YES;
				CLANG_WARN_COMMA = YES;
				CLANG_WARN_CONSTANT_CONVERSION = YES;
				CLANG_WARN_DEPRECATED_OBJC_IMPLEMENTATIONS = YES;
				CLANG_WARN_DIRECT_OBJC_ISA_USAGE = YES_ERROR;
				CLANG_WARN_DOCUMENTATION_COMMENTS = YES;
				CLANG_WARN_EMPTY_BODY = YES;
				CLANG_WARN_ENUM_CONVERSION = YES;
				CLANG_WARN_INFINITE_RECURSION = YES;
				CLANG_WARN_INT_CONVERSION = YES;
				CLANG_WARN_NON_LITERAL_NULL_CONVERSION = YES;
				CLANG_WARN_OBJC_IMPLICIT_RETAIN_SELF = YES;
				CLANG_WARN_OBJC_LITERAL_CONVERSION = YES;
				CLANG_WARN_OBJC_ROOT_CLASS = YES_ERROR;
				CLANG_WARN_QUOTED_INCLUDE_IN_FRAMEWORK_HEADER = YES;
				CLANG_WARN_RANGE_LOOP_ANALYSIS = YES;
				CLANG_WARN_STRICT_PROTOTYPES = YES;
				CLANG_WARN_SUSPICIOUS_MOVE = YES;
				CLANG_WARN_UNGUARDED_AVAILABILITY = YES_AGGRESSIVE;
				CLANG_WARN_UNREACHABLE_CODE = YES;
				CLANG_WARN__DUPLICATE_METHOD_MATCH = YES;
				COPY_PHASE_STRIP = NO;
				DEBUG_INFORMATION_FORMAT = "dwarf-with-dsym";
				ENABLE_NS_ASSERTIONS = NO;
				ENABLE_STRICT_OBJC_MSGSEND = YES;
				GCC_C_LANGUAGE_STANDARD = gnu11;
				GCC_NO_COMMON_BLOCKS = YES;
				GCC_WARN_64_TO_32_BIT_CONVERSION = YES;
				GCC_WARN_ABOUT_RETURN_TYPE = YES_ERROR;
				GCC_WARN_UNDECLARED_SELECTOR = YES;
				GCC_WARN_UNINITIALIZED_AUTOS = YES_AGGRESSIVE;
				GCC_WARN_UNUSED_FUNCTION = YES;
				GCC_WARN_UNUSED_VARIABLE = YES;
				IPHONEOS_DEPLOYMENT_TARGET = 14.5;
				MTL_ENABLE_DEBUG_INFO = NO;
				MTL_FAST_MATH = YES;
				SDKROOT = iphoneos;
				SWIFT_COMPILATION_MODE = wholemodule;
				SWIFT_OPTIMIZATION_LEVEL = "-O";
				VALIDATE_PRODUCT = YES;
			};
			name = Release;
		};
		3C7B213D26D6180100926EE3 /* Debug */ = {
			isa = XCBuildConfiguration;
			buildSettings = {
				ASSETCATALOG_COMPILER_APPICON_NAME = AppIcon;
				ASSETCATALOG_COMPILER_GLOBAL_ACCENT_COLOR_NAME = AccentColor;
				CODE_SIGN_STYLE = Automatic;
				DEVELOPMENT_TEAM = RQYPG8XK25;
				INFOPLIST_FILE = RandomPersonInfo/Info.plist;
				LD_RUNPATH_SEARCH_PATHS = (
					"$(inherited)",
					"@executable_path/Frameworks",
				);
				PRODUCT_BUNDLE_IDENTIFIER = ckost9n.RandomPersonInfo;
				PRODUCT_NAME = "$(TARGET_NAME)";
				SWIFT_VERSION = 5.0;
				TARGETED_DEVICE_FAMILY = "1,2";
			};
			name = Debug;
		};
		3C7B213E26D6180100926EE3 /* Release */ = {
			isa = XCBuildConfiguration;
			buildSettings = {
				ASSETCATALOG_COMPILER_APPICON_NAME = AppIcon;
				ASSETCATALOG_COMPILER_GLOBAL_ACCENT_COLOR_NAME = AccentColor;
				CODE_SIGN_STYLE = Automatic;
				DEVELOPMENT_TEAM = RQYPG8XK25;
				INFOPLIST_FILE = RandomPersonInfo/Info.plist;
				LD_RUNPATH_SEARCH_PATHS = (
					"$(inherited)",
					"@executable_path/Frameworks",
				);
				PRODUCT_BUNDLE_IDENTIFIER = ckost9n.RandomPersonInfo;
				PRODUCT_NAME = "$(TARGET_NAME)";
				SWIFT_VERSION = 5.0;
				TARGETED_DEVICE_FAMILY = "1,2";
			};
			name = Release;
		};
/* End XCBuildConfiguration section */

/* Begin XCConfigurationList section */
		3C7B212326D617FF00926EE3 /* Build configuration list for PBXProject "RandomPersonInfo" */ = {
			isa = XCConfigurationList;
			buildConfigurations = (
				3C7B213A26D6180100926EE3 /* Debug */,
				3C7B213B26D6180100926EE3 /* Release */,
			);
			defaultConfigurationIsVisible = 0;
			defaultConfigurationName = Release;
		};
		3C7B213C26D6180100926EE3 /* Build configuration list for PBXNativeTarget "RandomPersonInfo" */ = {
			isa = XCConfigurationList;
			buildConfigurations = (
				3C7B213D26D6180100926EE3 /* Debug */,
				3C7B213E26D6180100926EE3 /* Release */,
			);
			defaultConfigurationIsVisible = 0;
			defaultConfigurationName = Release;
		};
/* End XCConfigurationList section */
	};
	rootObject = 3C7B212026D617FF00926EE3 /* Project object */;
}
